// !$*UTF8*$!
{
	archiveVersion = 1;
	classes = {
	};
	objectVersion = 56;
	objects = {

/* Begin PBXBuildFile section */
		0132200F2BFCF9F000F3A2E9 /* SwiftUICombineTemplateApp.swift in Sources */ = {isa = PBXBuildFile; fileRef = 0132200E2BFCF9F000F3A2E9 /* SwiftUICombineTemplateApp.swift */; };
		013220112BFCF9F000F3A2E9 /* SignInView.swift in Sources */ = {isa = PBXBuildFile; fileRef = 013220102BFCF9F000F3A2E9 /* SignInView.swift */; };
		013220132BFCF9F100F3A2E9 /* Assets.xcassets in Resources */ = {isa = PBXBuildFile; fileRef = 013220122BFCF9F100F3A2E9 /* Assets.xcassets */; };
		013220162BFCF9F100F3A2E9 /* Preview Assets.xcassets in Resources */ = {isa = PBXBuildFile; fileRef = 013220152BFCF9F100F3A2E9 /* Preview Assets.xcassets */; };
		013220242BFCFCD900F3A2E9 /* SignInViewModel.swift in Sources */ = {isa = PBXBuildFile; fileRef = 013220232BFCFCD900F3A2E9 /* SignInViewModel.swift */; };
		013220282BFD00C400F3A2E9 /* Colors.xcassets in Resources */ = {isa = PBXBuildFile; fileRef = 013220272BFD00C400F3A2E9 /* Colors.xcassets */; };
		0132202E2BFD159500F3A2E9 /* CancellableSignInViewModel.swift in Sources */ = {isa = PBXBuildFile; fileRef = 0132202D2BFD159500F3A2E9 /* CancellableSignInViewModel.swift */; };
		013220302BFD159C00F3A2E9 /* CancellableSignInView.swift in Sources */ = {isa = PBXBuildFile; fileRef = 0132202F2BFD159C00F3A2E9 /* CancellableSignInView.swift */; };
		013220362BFDC67000F3A2E9 /* Product.swift in Sources */ = {isa = PBXBuildFile; fileRef = 013220352BFDC67000F3A2E9 /* Product.swift */; };
		013220382BFDC6BE00F3A2E9 /* MultiplePipelineView.swift in Sources */ = {isa = PBXBuildFile; fileRef = 013220372BFDC6BE00F3A2E9 /* MultiplePipelineView.swift */; };
		0132203A2BFDC6E900F3A2E9 /* MultiplePipelineViewModel.swift in Sources */ = {isa = PBXBuildFile; fileRef = 013220392BFDC6E900F3A2E9 /* MultiplePipelineViewModel.swift */; };
		013220402BFDCDE900F3A2E9 /* GuessTheNumberView.swift in Sources */ = {isa = PBXBuildFile; fileRef = 0132203F2BFDCDE900F3A2E9 /* GuessTheNumberView.swift */; };
		013220422BFDCE0F00F3A2E9 /* GuessTheNumberViewModel.swift in Sources */ = {isa = PBXBuildFile; fileRef = 013220412BFDCE0F00F3A2E9 /* GuessTheNumberViewModel.swift */; };
		013220D72C006E0100F3A2E9 /* EmptyPublisherViewModel.swift in Sources */ = {isa = PBXBuildFile; fileRef = 013220D62C006E0100F3A2E9 /* EmptyPublisherViewModel.swift */; };
		013220D92C006E2100F3A2E9 /* EmptyPublisherView.swift in Sources */ = {isa = PBXBuildFile; fileRef = 013220D82C006E2100F3A2E9 /* EmptyPublisherView.swift */; };
		013220DE2C006F0600F3A2E9 /* FailPublisherViewModel.swift in Sources */ = {isa = PBXBuildFile; fileRef = 013220DD2C006F0600F3A2E9 /* FailPublisherViewModel.swift */; };
		013220E12C006F2D00F3A2E9 /* InvalideAgeError.swift in Sources */ = {isa = PBXBuildFile; fileRef = 013220E02C006F2D00F3A2E9 /* InvalideAgeError.swift */; };
		013220E32C006F4800F3A2E9 /* FailPublisherView.swift in Sources */ = {isa = PBXBuildFile; fileRef = 013220E22C006F4800F3A2E9 /* FailPublisherView.swift */; };
		013220E82C00714E00F3A2E9 /* FuturePublisherViewModel.swift in Sources */ = {isa = PBXBuildFile; fileRef = 013220E72C00714E00F3A2E9 /* FuturePublisherViewModel.swift */; };
		013220EA2C0071A200F3A2E9 /* PrimeCheckingError.swift in Sources */ = {isa = PBXBuildFile; fileRef = 013220E92C0071A200F3A2E9 /* PrimeCheckingError.swift */; };
		013220ED2C0071D700F3A2E9 /* FuturePublisherView.swift in Sources */ = {isa = PBXBuildFile; fileRef = 013220EC2C0071D700F3A2E9 /* FuturePublisherView.swift */; };
		013220F22C00729300F3A2E9 /* JustSequenceView.swift in Sources */ = {isa = PBXBuildFile; fileRef = 013220F12C00729300F3A2E9 /* JustSequenceView.swift */; };
		013220F42C00729B00F3A2E9 /* JustSequenceViewModel.swift in Sources */ = {isa = PBXBuildFile; fileRef = 013220F32C00729B00F3A2E9 /* JustSequenceViewModel.swift */; };
		013221242C01AE3A00F3A2E9 /* PassthroughSubjectTimerViewModel.swift in Sources */ = {isa = PBXBuildFile; fileRef = 013221232C01AE3A00F3A2E9 /* PassthroughSubjectTimerViewModel.swift */; };
		013221282C01AE5100F3A2E9 /* PassthroughSubjectTimerView.swift in Sources */ = {isa = PBXBuildFile; fileRef = 013221272C01AE5100F3A2E9 /* PassthroughSubjectTimerView.swift */; };
		0132213F2C03669A00F3A2E9 /* ViewState.swift in Sources */ = {isa = PBXBuildFile; fileRef = 0132213E2C03669A00F3A2E9 /* ViewState.swift */; };
		013221412C0366C700F3A2E9 /* Item.swift in Sources */ = {isa = PBXBuildFile; fileRef = 013221402C0366C700F3A2E9 /* Item.swift */; };
		013221492C03C19000F3A2E9 /* Episodes.swift in Sources */ = {isa = PBXBuildFile; fileRef = 013221482C03C19000F3A2E9 /* Episodes.swift */; };
		0132214B2C03C88B00F3A2E9 /* Episode.swift in Sources */ = {isa = PBXBuildFile; fileRef = 0132214A2C03C88B00F3A2E9 /* Episode.swift */; };
		0132214D2C03CA1A00F3A2E9 /* Character.swift in Sources */ = {isa = PBXBuildFile; fileRef = 0132214C2C03CA1A00F3A2E9 /* Character.swift */; };
		0132214F2C03CA6700F3A2E9 /* EpisodeView.swift in Sources */ = {isa = PBXBuildFile; fileRef = 0132214E2C03CA6700F3A2E9 /* EpisodeView.swift */; };
		013221512C03CA9300F3A2E9 /* TaskViewModel.swift in Sources */ = {isa = PBXBuildFile; fileRef = 013221502C03CA9300F3A2E9 /* TaskViewModel.swift */; };
		013221532C03CBAA00F3A2E9 /* ErrorForAlert.swift in Sources */ = {isa = PBXBuildFile; fileRef = 013221522C03CBAA00F3A2E9 /* ErrorForAlert.swift */; };
		013221552C03CE1600F3A2E9 /* URLSessionDataTaskPublisherView.swift in Sources */ = {isa = PBXBuildFile; fileRef = 013221542C03CE1600F3A2E9 /* URLSessionDataTaskPublisherView.swift */; };
		013221572C03CE7400F3A2E9 /* EpisodeViewState.swift in Sources */ = {isa = PBXBuildFile; fileRef = 013221562C03CE7400F3A2E9 /* EpisodeViewState.swift */; };
/* End PBXBuildFile section */

/* Begin PBXFileReference section */
		0132200B2BFCF9F000F3A2E9 /* SwiftUICombineTemplate.app */ = {isa = PBXFileReference; explicitFileType = wrapper.application; includeInIndex = 0; path = SwiftUICombineTemplate.app; sourceTree = BUILT_PRODUCTS_DIR; };
		0132200E2BFCF9F000F3A2E9 /* SwiftUICombineTemplateApp.swift */ = {isa = PBXFileReference; lastKnownFileType = sourcecode.swift; path = SwiftUICombineTemplateApp.swift; sourceTree = "<group>"; };
		013220102BFCF9F000F3A2E9 /* SignInView.swift */ = {isa = PBXFileReference; lastKnownFileType = sourcecode.swift; path = SignInView.swift; sourceTree = "<group>"; };
		013220122BFCF9F100F3A2E9 /* Assets.xcassets */ = {isa = PBXFileReference; lastKnownFileType = folder.assetcatalog; path = Assets.xcassets; sourceTree = "<group>"; };
		013220152BFCF9F100F3A2E9 /* Preview Assets.xcassets */ = {isa = PBXFileReference; lastKnownFileType = folder.assetcatalog; path = "Preview Assets.xcassets"; sourceTree = "<group>"; };
		013220232BFCFCD900F3A2E9 /* SignInViewModel.swift */ = {isa = PBXFileReference; lastKnownFileType = sourcecode.swift; path = SignInViewModel.swift; sourceTree = "<group>"; };
		013220272BFD00C400F3A2E9 /* Colors.xcassets */ = {isa = PBXFileReference; lastKnownFileType = folder.assetcatalog; path = Colors.xcassets; sourceTree = "<group>"; };
		0132202D2BFD159500F3A2E9 /* CancellableSignInViewModel.swift */ = {isa = PBXFileReference; lastKnownFileType = sourcecode.swift; path = CancellableSignInViewModel.swift; sourceTree = "<group>"; };
		0132202F2BFD159C00F3A2E9 /* CancellableSignInView.swift */ = {isa = PBXFileReference; lastKnownFileType = sourcecode.swift; path = CancellableSignInView.swift; sourceTree = "<group>"; };
		013220352BFDC67000F3A2E9 /* Product.swift */ = {isa = PBXFileReference; lastKnownFileType = sourcecode.swift; path = Product.swift; sourceTree = "<group>"; };
		013220372BFDC6BE00F3A2E9 /* MultiplePipelineView.swift */ = {isa = PBXFileReference; lastKnownFileType = sourcecode.swift; path = MultiplePipelineView.swift; sourceTree = "<group>"; };
		013220392BFDC6E900F3A2E9 /* MultiplePipelineViewModel.swift */ = {isa = PBXFileReference; lastKnownFileType = sourcecode.swift; path = MultiplePipelineViewModel.swift; sourceTree = "<group>"; };
		0132203F2BFDCDE900F3A2E9 /* GuessTheNumberView.swift */ = {isa = PBXFileReference; lastKnownFileType = sourcecode.swift; path = GuessTheNumberView.swift; sourceTree = "<group>"; };
		013220412BFDCE0F00F3A2E9 /* GuessTheNumberViewModel.swift */ = {isa = PBXFileReference; lastKnownFileType = sourcecode.swift; path = GuessTheNumberViewModel.swift; sourceTree = "<group>"; };
		013220D62C006E0100F3A2E9 /* EmptyPublisherViewModel.swift */ = {isa = PBXFileReference; lastKnownFileType = sourcecode.swift; path = EmptyPublisherViewModel.swift; sourceTree = "<group>"; };
		013220D82C006E2100F3A2E9 /* EmptyPublisherView.swift */ = {isa = PBXFileReference; lastKnownFileType = sourcecode.swift; path = EmptyPublisherView.swift; sourceTree = "<group>"; };
		013220DD2C006F0600F3A2E9 /* FailPublisherViewModel.swift */ = {isa = PBXFileReference; lastKnownFileType = sourcecode.swift; path = FailPublisherViewModel.swift; sourceTree = "<group>"; };
		013220E02C006F2D00F3A2E9 /* InvalideAgeError.swift */ = {isa = PBXFileReference; lastKnownFileType = sourcecode.swift; path = InvalideAgeError.swift; sourceTree = "<group>"; };
		013220E22C006F4800F3A2E9 /* FailPublisherView.swift */ = {isa = PBXFileReference; lastKnownFileType = sourcecode.swift; path = FailPublisherView.swift; sourceTree = "<group>"; };
		013220E72C00714E00F3A2E9 /* FuturePublisherViewModel.swift */ = {isa = PBXFileReference; lastKnownFileType = sourcecode.swift; path = FuturePublisherViewModel.swift; sourceTree = "<group>"; };
		013220E92C0071A200F3A2E9 /* PrimeCheckingError.swift */ = {isa = PBXFileReference; lastKnownFileType = sourcecode.swift; path = PrimeCheckingError.swift; sourceTree = "<group>"; };
		013220EC2C0071D700F3A2E9 /* FuturePublisherView.swift */ = {isa = PBXFileReference; lastKnownFileType = sourcecode.swift; path = FuturePublisherView.swift; sourceTree = "<group>"; };
		013220F12C00729300F3A2E9 /* JustSequenceView.swift */ = {isa = PBXFileReference; lastKnownFileType = sourcecode.swift; path = JustSequenceView.swift; sourceTree = "<group>"; };
		013220F32C00729B00F3A2E9 /* JustSequenceViewModel.swift */ = {isa = PBXFileReference; lastKnownFileType = sourcecode.swift; path = JustSequenceViewModel.swift; sourceTree = "<group>"; };
		013221232C01AE3A00F3A2E9 /* PassthroughSubjectTimerViewModel.swift */ = {isa = PBXFileReference; lastKnownFileType = sourcecode.swift; path = PassthroughSubjectTimerViewModel.swift; sourceTree = "<group>"; };
		013221272C01AE5100F3A2E9 /* PassthroughSubjectTimerView.swift */ = {isa = PBXFileReference; lastKnownFileType = sourcecode.swift; path = PassthroughSubjectTimerView.swift; sourceTree = "<group>"; };
		0132213E2C03669A00F3A2E9 /* ViewState.swift */ = {isa = PBXFileReference; lastKnownFileType = sourcecode.swift; path = ViewState.swift; sourceTree = "<group>"; };
		013221402C0366C700F3A2E9 /* Item.swift */ = {isa = PBXFileReference; lastKnownFileType = sourcecode.swift; path = Item.swift; sourceTree = "<group>"; };
		013221482C03C19000F3A2E9 /* Episodes.swift */ = {isa = PBXFileReference; lastKnownFileType = sourcecode.swift; path = Episodes.swift; sourceTree = "<group>"; };
		0132214A2C03C88B00F3A2E9 /* Episode.swift */ = {isa = PBXFileReference; lastKnownFileType = sourcecode.swift; path = Episode.swift; sourceTree = "<group>"; };
		0132214C2C03CA1A00F3A2E9 /* Character.swift */ = {isa = PBXFileReference; lastKnownFileType = sourcecode.swift; path = Character.swift; sourceTree = "<group>"; };
		0132214E2C03CA6700F3A2E9 /* EpisodeView.swift */ = {isa = PBXFileReference; lastKnownFileType = sourcecode.swift; path = EpisodeView.swift; sourceTree = "<group>"; };
		013221502C03CA9300F3A2E9 /* TaskViewModel.swift */ = {isa = PBXFileReference; lastKnownFileType = sourcecode.swift; path = TaskViewModel.swift; sourceTree = "<group>"; };
		013221522C03CBAA00F3A2E9 /* ErrorForAlert.swift */ = {isa = PBXFileReference; lastKnownFileType = sourcecode.swift; path = ErrorForAlert.swift; sourceTree = "<group>"; };
		013221542C03CE1600F3A2E9 /* URLSessionDataTaskPublisherView.swift */ = {isa = PBXFileReference; lastKnownFileType = sourcecode.swift; path = URLSessionDataTaskPublisherView.swift; sourceTree = "<group>"; };
		013221562C03CE7400F3A2E9 /* EpisodeViewState.swift */ = {isa = PBXFileReference; lastKnownFileType = sourcecode.swift; path = EpisodeViewState.swift; sourceTree = "<group>"; };
/* End PBXFileReference section */

/* Begin PBXFrameworksBuildPhase section */
		013220082BFCF9F000F3A2E9 /* Frameworks */ = {
			isa = PBXFrameworksBuildPhase;
			buildActionMask = 2147483647;
			files = (
			);
			runOnlyForDeploymentPostprocessing = 0;
		};
/* End PBXFrameworksBuildPhase section */

/* Begin PBXGroup section */
		013220022BFCF9F000F3A2E9 = {
			isa = PBXGroup;
			children = (
				0132200D2BFCF9F000F3A2E9 /* SwiftUICombineTemplate */,
				0132200C2BFCF9F000F3A2E9 /* Products */,
			);
			sourceTree = "<group>";
		};
		0132200C2BFCF9F000F3A2E9 /* Products */ = {
			isa = PBXGroup;
			children = (
				0132200B2BFCF9F000F3A2E9 /* SwiftUICombineTemplate.app */,
			);
			name = Products;
			sourceTree = "<group>";
		};
		0132200D2BFCF9F000F3A2E9 /* SwiftUICombineTemplate */ = {
			isa = PBXGroup;
			children = (
				0132201C2BFCFA8500F3A2E9 /* Application */,
				0132201E2BFCFC8800F3A2E9 /* Modules */,
				0132201D2BFCFA8F00F3A2E9 /* SupportingFiles */,
				013220142BFCF9F100F3A2E9 /* Preview Content */,
			);
			path = SwiftUICombineTemplate;
			sourceTree = "<group>";
		};
		013220142BFCF9F100F3A2E9 /* Preview Content */ = {
			isa = PBXGroup;
			children = (
				013220152BFCF9F100F3A2E9 /* Preview Assets.xcassets */,
			);
			path = "Preview Content";
			sourceTree = "<group>";
		};
		0132201C2BFCFA8500F3A2E9 /* Application */ = {
			isa = PBXGroup;
			children = (
				0132200E2BFCF9F000F3A2E9 /* SwiftUICombineTemplateApp.swift */,
			);
			path = Application;
			sourceTree = "<group>";
		};
		0132201D2BFCFA8F00F3A2E9 /* SupportingFiles */ = {
			isa = PBXGroup;
			children = (
				013220122BFCF9F100F3A2E9 /* Assets.xcassets */,
				013220272BFD00C400F3A2E9 /* Colors.xcassets */,
			);
			path = SupportingFiles;
			sourceTree = "<group>";
		};
		0132201E2BFCFC8800F3A2E9 /* Modules */ = {
			isa = PBXGroup;
			children = (
				013220D12C006D2200F3A2E9 /* Tasks_1-5_Module */,
				013220D22C006D3D00F3A2E9 /* Tasks_6-9_Module */,
				013221212C01ADCB00F3A2E9 /* Tasks_10-11_Module */,
			);
			path = Modules;
			sourceTree = "<group>";
		};
		0132201F2BFCFC9200F3A2E9 /* SignInModule */ = {
			isa = PBXGroup;
			children = (
				013220222BFCFCC400F3A2E9 /* Model */,
				013220212BFCFCBF00F3A2E9 /* View */,
				013220202BFCFCB900F3A2E9 /* ViewModel */,
			);
			path = SignInModule;
			sourceTree = "<group>";
		};
		013220202BFCFCB900F3A2E9 /* ViewModel */ = {
			isa = PBXGroup;
			children = (
				013220232BFCFCD900F3A2E9 /* SignInViewModel.swift */,
			);
			path = ViewModel;
			sourceTree = "<group>";
		};
		013220212BFCFCBF00F3A2E9 /* View */ = {
			isa = PBXGroup;
			children = (
				013220102BFCF9F000F3A2E9 /* SignInView.swift */,
			);
			path = View;
			sourceTree = "<group>";
		};
		013220222BFCFCC400F3A2E9 /* Model */ = {
			isa = PBXGroup;
			children = (
			);
			path = Model;
			sourceTree = "<group>";
		};
		013220292BFD156400F3A2E9 /* CancellableSignInModule */ = {
			isa = PBXGroup;
			children = (
				0132202C2BFD158000F3A2E9 /* Model */,
				0132202B2BFD157B00F3A2E9 /* View */,
				0132202A2BFD157400F3A2E9 /* ViewModel */,
			);
			path = CancellableSignInModule;
			sourceTree = "<group>";
		};
		0132202A2BFD157400F3A2E9 /* ViewModel */ = {
			isa = PBXGroup;
			children = (
				0132202D2BFD159500F3A2E9 /* CancellableSignInViewModel.swift */,
			);
			path = ViewModel;
			sourceTree = "<group>";
		};
		0132202B2BFD157B00F3A2E9 /* View */ = {
			isa = PBXGroup;
			children = (
				0132202F2BFD159C00F3A2E9 /* CancellableSignInView.swift */,
			);
			path = View;
			sourceTree = "<group>";
		};
		0132202C2BFD158000F3A2E9 /* Model */ = {
			isa = PBXGroup;
			children = (
			);
			path = Model;
			sourceTree = "<group>";
		};
		013220312BFDC61D00F3A2E9 /* MultiplePipelineModule */ = {
			isa = PBXGroup;
			children = (
				013220342BFDC63B00F3A2E9 /* Model */,
				013220332BFDC63600F3A2E9 /* View */,
				013220322BFDC63100F3A2E9 /* ViewModel */,
			);
			path = MultiplePipelineModule;
			sourceTree = "<group>";
		};
		013220322BFDC63100F3A2E9 /* ViewModel */ = {
			isa = PBXGroup;
			children = (
				013220392BFDC6E900F3A2E9 /* MultiplePipelineViewModel.swift */,
			);
			path = ViewModel;
			sourceTree = "<group>";
		};
		013220332BFDC63600F3A2E9 /* View */ = {
			isa = PBXGroup;
			children = (
				013220372BFDC6BE00F3A2E9 /* MultiplePipelineView.swift */,
			);
			path = View;
			sourceTree = "<group>";
		};
		013220342BFDC63B00F3A2E9 /* Model */ = {
			isa = PBXGroup;
			children = (
				013220352BFDC67000F3A2E9 /* Product.swift */,
			);
			path = Model;
			sourceTree = "<group>";
		};
		0132203B2BFDCD4100F3A2E9 /* GuessTheNumberModule */ = {
			isa = PBXGroup;
			children = (
				0132203E2BFDCDC600F3A2E9 /* Model */,
				0132203D2BFDCDBB00F3A2E9 /* View */,
				0132203C2BFDCDB100F3A2E9 /* ViewModel */,
			);
			path = GuessTheNumberModule;
			sourceTree = "<group>";
		};
		0132203C2BFDCDB100F3A2E9 /* ViewModel */ = {
			isa = PBXGroup;
			children = (
				013220412BFDCE0F00F3A2E9 /* GuessTheNumberViewModel.swift */,
			);
			path = ViewModel;
			sourceTree = "<group>";
		};
		0132203D2BFDCDBB00F3A2E9 /* View */ = {
			isa = PBXGroup;
			children = (
				0132203F2BFDCDE900F3A2E9 /* GuessTheNumberView.swift */,
			);
			name = View;
			sourceTree = "<group>";
		};
		0132203E2BFDCDC600F3A2E9 /* Model */ = {
			isa = PBXGroup;
			children = (
			);
			path = Model;
			sourceTree = "<group>";
		};
		013220D12C006D2200F3A2E9 /* Tasks_1-5_Module */ = {
			isa = PBXGroup;
			children = (
				0132201F2BFCFC9200F3A2E9 /* SignInModule */,
				013220292BFD156400F3A2E9 /* CancellableSignInModule */,
				013220312BFDC61D00F3A2E9 /* MultiplePipelineModule */,
				0132203B2BFDCD4100F3A2E9 /* GuessTheNumberModule */,
			);
			path = "Tasks_1-5_Module";
			sourceTree = "<group>";
		};
		013220D22C006D3D00F3A2E9 /* Tasks_6-9_Module */ = {
			isa = PBXGroup;
			children = (
				013220D32C006D5A00F3A2E9 /* EmptyPublisherModule */,
				013220DA2C006E9400F3A2E9 /* FailPublisherModule */,
				013220E42C00703300F3A2E9 /* FuturePublisherModule */,
				013220EE2C00722A00F3A2E9 /* JustSequenceModule */,
			);
			path = "Tasks_6-9_Module";
			sourceTree = "<group>";
		};
		013220D32C006D5A00F3A2E9 /* EmptyPublisherModule */ = {
			isa = PBXGroup;
			children = (
				013220D52C006DE300F3A2E9 /* View */,
				013220D42C006DDD00F3A2E9 /* ViewModel */,
			);
			path = EmptyPublisherModule;
			sourceTree = "<group>";
		};
		013220D42C006DDD00F3A2E9 /* ViewModel */ = {
			isa = PBXGroup;
			children = (
				013220D62C006E0100F3A2E9 /* EmptyPublisherViewModel.swift */,
			);
			path = ViewModel;
			sourceTree = "<group>";
		};
		013220D52C006DE300F3A2E9 /* View */ = {
			isa = PBXGroup;
			children = (
				013220D82C006E2100F3A2E9 /* EmptyPublisherView.swift */,
			);
			path = View;
			sourceTree = "<group>";
		};
		013220DA2C006E9400F3A2E9 /* FailPublisherModule */ = {
			isa = PBXGroup;
			children = (
				013220DF2C006F1D00F3A2E9 /* Model */,
				013220DC2C006EF400F3A2E9 /* View */,
				013220DB2C006EB400F3A2E9 /* ViewModel */,
			);
			path = FailPublisherModule;
			sourceTree = "<group>";
		};
		013220DB2C006EB400F3A2E9 /* ViewModel */ = {
			isa = PBXGroup;
			children = (
				013220DD2C006F0600F3A2E9 /* FailPublisherViewModel.swift */,
			);
			path = ViewModel;
			sourceTree = "<group>";
		};
		013220DC2C006EF400F3A2E9 /* View */ = {
			isa = PBXGroup;
			children = (
				013220E22C006F4800F3A2E9 /* FailPublisherView.swift */,
			);
			path = View;
			sourceTree = "<group>";
		};
		013220DF2C006F1D00F3A2E9 /* Model */ = {
			isa = PBXGroup;
			children = (
				013220E02C006F2D00F3A2E9 /* InvalideAgeError.swift */,
			);
			path = Model;
			sourceTree = "<group>";
		};
		013220E42C00703300F3A2E9 /* FuturePublisherModule */ = {
			isa = PBXGroup;
			children = (
				013220EB2C0071BD00F3A2E9 /* Model */,
				013220E62C00713100F3A2E9 /* View */,
				013220E52C00712C00F3A2E9 /* ViewModel */,
			);
			path = FuturePublisherModule;
			sourceTree = "<group>";
		};
		013220E52C00712C00F3A2E9 /* ViewModel */ = {
			isa = PBXGroup;
			children = (
				013220E72C00714E00F3A2E9 /* FuturePublisherViewModel.swift */,
			);
			path = ViewModel;
			sourceTree = "<group>";
		};
		013220E62C00713100F3A2E9 /* View */ = {
			isa = PBXGroup;
			children = (
				013220EC2C0071D700F3A2E9 /* FuturePublisherView.swift */,
			);
			path = View;
			sourceTree = "<group>";
		};
		013220EB2C0071BD00F3A2E9 /* Model */ = {
			isa = PBXGroup;
			children = (
				013220E92C0071A200F3A2E9 /* PrimeCheckingError.swift */,
			);
			path = Model;
			sourceTree = "<group>";
		};
		013220EE2C00722A00F3A2E9 /* JustSequenceModule */ = {
			isa = PBXGroup;
			children = (
				013220F02C00727400F3A2E9 /* View */,
				013220EF2C00726600F3A2E9 /* ViewModel */,
			);
			path = JustSequenceModule;
			sourceTree = "<group>";
		};
		013220EF2C00726600F3A2E9 /* ViewModel */ = {
			isa = PBXGroup;
			children = (
				013220F32C00729B00F3A2E9 /* JustSequenceViewModel.swift */,
			);
			path = ViewModel;
			sourceTree = "<group>";
		};
		013220F02C00727400F3A2E9 /* View */ = {
			isa = PBXGroup;
			children = (
				013220F12C00729300F3A2E9 /* JustSequenceView.swift */,
			);
			path = View;
			sourceTree = "<group>";
		};
		013221212C01ADCB00F3A2E9 /* Tasks_10-11_Module */ = {
			isa = PBXGroup;
			children = (
				013221222C01AE1200F3A2E9 /* PassthroughSubjectTimerModule */,
				013221442C03C11E00F3A2E9 /* URLSessionDataTaskPublisherModule */,
			);
			path = "Tasks_10-11_Module";
			sourceTree = "<group>";
		};
		013221222C01AE1200F3A2E9 /* PassthroughSubjectTimerModule */ = {
			isa = PBXGroup;
			children = (
				0132213D2C03668D00F3A2E9 /* Model */,
				013221262C01AE4500F3A2E9 /* View */,
				013221252C01AE3D00F3A2E9 /* ViewModel */,
			);
			path = PassthroughSubjectTimerModule;
			sourceTree = "<group>";
		};
		013221252C01AE3D00F3A2E9 /* ViewModel */ = {
			isa = PBXGroup;
			children = (
				013221232C01AE3A00F3A2E9 /* PassthroughSubjectTimerViewModel.swift */,
			);
			path = ViewModel;
			sourceTree = "<group>";
		};
		013221262C01AE4500F3A2E9 /* View */ = {
			isa = PBXGroup;
			children = (
				013221272C01AE5100F3A2E9 /* PassthroughSubjectTimerView.swift */,
			);
			path = View;
			sourceTree = "<group>";
		};
		0132213D2C03668D00F3A2E9 /* Model */ = {
			isa = PBXGroup;
			children = (
				0132213E2C03669A00F3A2E9 /* ViewState.swift */,
				013221402C0366C700F3A2E9 /* Item.swift */,
			);
			path = Model;
			sourceTree = "<group>";
		};
		013221442C03C11E00F3A2E9 /* URLSessionDataTaskPublisherModule */ = {
			isa = PBXGroup;
			children = (
				013221472C03C16C00F3A2E9 /* Model */,
				013221462C03C16700F3A2E9 /* View */,
				013221452C03C15F00F3A2E9 /* VieeModel */,
			);
			path = URLSessionDataTaskPublisherModule;
			sourceTree = "<group>";
		};
		013221452C03C15F00F3A2E9 /* VieeModel */ = {
			isa = PBXGroup;
			children = (
				013221502C03CA9300F3A2E9 /* TaskViewModel.swift */,
			);
			path = VieeModel;
			sourceTree = "<group>";
		};
		013221462C03C16700F3A2E9 /* View */ = {
			isa = PBXGroup;
			children = (
				0132214E2C03CA6700F3A2E9 /* EpisodeView.swift */,
				013221542C03CE1600F3A2E9 /* URLSessionDataTaskPublisherView.swift */,
			);
			path = View;
			sourceTree = "<group>";
		};
		013221472C03C16C00F3A2E9 /* Model */ = {
			isa = PBXGroup;
			children = (
				013221482C03C19000F3A2E9 /* Episodes.swift */,
				0132214A2C03C88B00F3A2E9 /* Episode.swift */,
				0132214C2C03CA1A00F3A2E9 /* Character.swift */,
				013221522C03CBAA00F3A2E9 /* ErrorForAlert.swift */,
				013221562C03CE7400F3A2E9 /* EpisodeViewState.swift */,
			);
			path = Model;
			sourceTree = "<group>";
		};
/* End PBXGroup section */

/* Begin PBXNativeTarget section */
		0132200A2BFCF9F000F3A2E9 /* SwiftUICombineTemplate */ = {
			isa = PBXNativeTarget;
			buildConfigurationList = 013220192BFCF9F100F3A2E9 /* Build configuration list for PBXNativeTarget "SwiftUICombineTemplate" */;
			buildPhases = (
				013220072BFCF9F000F3A2E9 /* Sources */,
				013220082BFCF9F000F3A2E9 /* Frameworks */,
				013220092BFCF9F000F3A2E9 /* Resources */,
			);
			buildRules = (
			);
			dependencies = (
			);
			name = SwiftUICombineTemplate;
			productName = SwiftUICombineTemplate;
			productReference = 0132200B2BFCF9F000F3A2E9 /* SwiftUICombineTemplate.app */;
			productType = "com.apple.product-type.application";
		};
/* End PBXNativeTarget section */

/* Begin PBXProject section */
		013220032BFCF9F000F3A2E9 /* Project object */ = {
			isa = PBXProject;
			attributes = {
				BuildIndependentTargetsInParallel = 1;
				LastSwiftUpdateCheck = 1540;
				LastUpgradeCheck = 1540;
				TargetAttributes = {
					0132200A2BFCF9F000F3A2E9 = {
						CreatedOnToolsVersion = 15.4;
					};
				};
			};
			buildConfigurationList = 013220062BFCF9F000F3A2E9 /* Build configuration list for PBXProject "SwiftUICombineTemplate" */;
			compatibilityVersion = "Xcode 14.0";
			developmentRegion = en;
			hasScannedForEncodings = 0;
			knownRegions = (
				en,
				Base,
			);
			mainGroup = 013220022BFCF9F000F3A2E9;
			productRefGroup = 0132200C2BFCF9F000F3A2E9 /* Products */;
			projectDirPath = "";
			projectRoot = "";
			targets = (
				0132200A2BFCF9F000F3A2E9 /* SwiftUICombineTemplate */,
			);
		};
/* End PBXProject section */

/* Begin PBXResourcesBuildPhase section */
		013220092BFCF9F000F3A2E9 /* Resources */ = {
			isa = PBXResourcesBuildPhase;
			buildActionMask = 2147483647;
			files = (
				013220282BFD00C400F3A2E9 /* Colors.xcassets in Resources */,
				013220162BFCF9F100F3A2E9 /* Preview Assets.xcassets in Resources */,
				013220132BFCF9F100F3A2E9 /* Assets.xcassets in Resources */,
			);
			runOnlyForDeploymentPostprocessing = 0;
		};
/* End PBXResourcesBuildPhase section */

/* Begin PBXSourcesBuildPhase section */
		013220072BFCF9F000F3A2E9 /* Sources */ = {
			isa = PBXSourcesBuildPhase;
			buildActionMask = 2147483647;
			files = (
				0132214D2C03CA1A00F3A2E9 /* Character.swift in Sources */,
				013220ED2C0071D700F3A2E9 /* FuturePublisherView.swift in Sources */,
				013221492C03C19000F3A2E9 /* Episodes.swift in Sources */,
				0132203A2BFDC6E900F3A2E9 /* MultiplePipelineViewModel.swift in Sources */,
				013220D72C006E0100F3A2E9 /* EmptyPublisherViewModel.swift in Sources */,
				013220422BFDCE0F00F3A2E9 /* GuessTheNumberViewModel.swift in Sources */,
				013221572C03CE7400F3A2E9 /* EpisodeViewState.swift in Sources */,
				013221512C03CA9300F3A2E9 /* TaskViewModel.swift in Sources */,
				013221412C0366C700F3A2E9 /* Item.swift in Sources */,
				013221552C03CE1600F3A2E9 /* URLSessionDataTaskPublisherView.swift in Sources */,
				013220F22C00729300F3A2E9 /* JustSequenceView.swift in Sources */,
				0132214B2C03C88B00F3A2E9 /* Episode.swift in Sources */,
				013220F42C00729B00F3A2E9 /* JustSequenceViewModel.swift in Sources */,
				013220DE2C006F0600F3A2E9 /* FailPublisherViewModel.swift in Sources */,
				013220302BFD159C00F3A2E9 /* CancellableSignInView.swift in Sources */,
				0132213F2C03669A00F3A2E9 /* ViewState.swift in Sources */,
				0132214F2C03CA6700F3A2E9 /* EpisodeView.swift in Sources */,
				013221282C01AE5100F3A2E9 /* PassthroughSubjectTimerView.swift in Sources */,
				013220E32C006F4800F3A2E9 /* FailPublisherView.swift in Sources */,
				013220112BFCF9F000F3A2E9 /* SignInView.swift in Sources */,
				0132200F2BFCF9F000F3A2E9 /* SwiftUICombineTemplateApp.swift in Sources */,
				0132202E2BFD159500F3A2E9 /* CancellableSignInViewModel.swift in Sources */,
				013220D92C006E2100F3A2E9 /* EmptyPublisherView.swift in Sources */,
				013221242C01AE3A00F3A2E9 /* PassthroughSubjectTimerViewModel.swift in Sources */,
				013220402BFDCDE900F3A2E9 /* GuessTheNumberView.swift in Sources */,
				013221532C03CBAA00F3A2E9 /* ErrorForAlert.swift in Sources */,
				013220E12C006F2D00F3A2E9 /* InvalideAgeError.swift in Sources */,
				013220EA2C0071A200F3A2E9 /* PrimeCheckingError.swift in Sources */,
				013220242BFCFCD900F3A2E9 /* SignInViewModel.swift in Sources */,
				013220382BFDC6BE00F3A2E9 /* MultiplePipelineView.swift in Sources */,
				013220E82C00714E00F3A2E9 /* FuturePublisherViewModel.swift in Sources */,
				013220362BFDC67000F3A2E9 /* Product.swift in Sources */,
			);
			runOnlyForDeploymentPostprocessing = 0;
		};
/* End PBXSourcesBuildPhase section */

/* Begin XCBuildConfiguration section */
		013220172BFCF9F100F3A2E9 /* Debug */ = {
			isa = XCBuildConfiguration;
			buildSettings = {
				ALWAYS_SEARCH_USER_PATHS = NO;
				ASSETCATALOG_COMPILER_GENERATE_SWIFT_ASSET_SYMBOL_EXTENSIONS = YES;
				CLANG_ANALYZER_NONNULL = YES;
				CLANG_ANALYZER_NUMBER_OBJECT_CONVERSION = YES_AGGRESSIVE;
				CLANG_CXX_LANGUAGE_STANDARD = "gnu++20";
				CLANG_ENABLE_MODULES = YES;
				CLANG_ENABLE_OBJC_ARC = YES;
				CLANG_ENABLE_OBJC_WEAK = YES;
				CLANG_WARN_BLOCK_CAPTURE_AUTORELEASING = YES;
				CLANG_WARN_BOOL_CONVERSION = YES;
				CLANG_WARN_COMMA = YES;
				CLANG_WARN_CONSTANT_CONVERSION = YES;
				CLANG_WARN_DEPRECATED_OBJC_IMPLEMENTATIONS = YES;
				CLANG_WARN_DIRECT_OBJC_ISA_USAGE = YES_ERROR;
				CLANG_WARN_DOCUMENTATION_COMMENTS = YES;
				CLANG_WARN_EMPTY_BODY = YES;
				CLANG_WARN_ENUM_CONVERSION = YES;
				CLANG_WARN_INFINITE_RECURSION = YES;
				CLANG_WARN_INT_CONVERSION = YES;
				CLANG_WARN_NON_LITERAL_NULL_CONVERSION = YES;
				CLANG_WARN_OBJC_IMPLICIT_RETAIN_SELF = YES;
				CLANG_WARN_OBJC_LITERAL_CONVERSION = YES;
				CLANG_WARN_OBJC_ROOT_CLASS = YES_ERROR;
				CLANG_WARN_QUOTED_INCLUDE_IN_FRAMEWORK_HEADER = YES;
				CLANG_WARN_RANGE_LOOP_ANALYSIS = YES;
				CLANG_WARN_STRICT_PROTOTYPES = YES;
				CLANG_WARN_SUSPICIOUS_MOVE = YES;
				CLANG_WARN_UNGUARDED_AVAILABILITY = YES_AGGRESSIVE;
				CLANG_WARN_UNREACHABLE_CODE = YES;
				CLANG_WARN__DUPLICATE_METHOD_MATCH = YES;
				COPY_PHASE_STRIP = NO;
				DEBUG_INFORMATION_FORMAT = dwarf;
				ENABLE_STRICT_OBJC_MSGSEND = YES;
				ENABLE_TESTABILITY = YES;
				ENABLE_USER_SCRIPT_SANDBOXING = YES;
				GCC_C_LANGUAGE_STANDARD = gnu17;
				GCC_DYNAMIC_NO_PIC = NO;
				GCC_NO_COMMON_BLOCKS = YES;
				GCC_OPTIMIZATION_LEVEL = 0;
				GCC_PREPROCESSOR_DEFINITIONS = (
					"DEBUG=1",
					"$(inherited)",
				);
				GCC_WARN_64_TO_32_BIT_CONVERSION = YES;
				GCC_WARN_ABOUT_RETURN_TYPE = YES_ERROR;
				GCC_WARN_UNDECLARED_SELECTOR = YES;
				GCC_WARN_UNINITIALIZED_AUTOS = YES_AGGRESSIVE;
				GCC_WARN_UNUSED_FUNCTION = YES;
				GCC_WARN_UNUSED_VARIABLE = YES;
				IPHONEOS_DEPLOYMENT_TARGET = 17.5;
				LOCALIZATION_PREFERS_STRING_CATALOGS = YES;
				MTL_ENABLE_DEBUG_INFO = INCLUDE_SOURCE;
				MTL_FAST_MATH = YES;
				ONLY_ACTIVE_ARCH = YES;
				SDKROOT = iphoneos;
				SWIFT_ACTIVE_COMPILATION_CONDITIONS = "DEBUG $(inherited)";
				SWIFT_OPTIMIZATION_LEVEL = "-Onone";
			};
			name = Debug;
		};
		013220182BFCF9F100F3A2E9 /* Release */ = {
			isa = XCBuildConfiguration;
			buildSettings = {
				ALWAYS_SEARCH_USER_PATHS = NO;
				ASSETCATALOG_COMPILER_GENERATE_SWIFT_ASSET_SYMBOL_EXTENSIONS = YES;
				CLANG_ANALYZER_NONNULL = YES;
				CLANG_ANALYZER_NUMBER_OBJECT_CONVERSION = YES_AGGRESSIVE;
				CLANG_CXX_LANGUAGE_STANDARD = "gnu++20";
				CLANG_ENABLE_MODULES = YES;
				CLANG_ENABLE_OBJC_ARC = YES;
				CLANG_ENABLE_OBJC_WEAK = YES;
				CLANG_WARN_BLOCK_CAPTURE_AUTORELEASING = YES;
				CLANG_WARN_BOOL_CONVERSION = YES;
				CLANG_WARN_COMMA = YES;
				CLANG_WARN_CONSTANT_CONVERSION = YES;
				CLANG_WARN_DEPRECATED_OBJC_IMPLEMENTATIONS = YES;
				CLANG_WARN_DIRECT_OBJC_ISA_USAGE = YES_ERROR;
				CLANG_WARN_DOCUMENTATION_COMMENTS = YES;
				CLANG_WARN_EMPTY_BODY = YES;
				CLANG_WARN_ENUM_CONVERSION = YES;
				CLANG_WARN_INFINITE_RECURSION = YES;
				CLANG_WARN_INT_CONVERSION = YES;
				CLANG_WARN_NON_LITERAL_NULL_CONVERSION = YES;
				CLANG_WARN_OBJC_IMPLICIT_RETAIN_SELF = YES;
				CLANG_WARN_OBJC_LITERAL_CONVERSION = YES;
				CLANG_WARN_OBJC_ROOT_CLASS = YES_ERROR;
				CLANG_WARN_QUOTED_INCLUDE_IN_FRAMEWORK_HEADER = YES;
				CLANG_WARN_RANGE_LOOP_ANALYSIS = YES;
				CLANG_WARN_STRICT_PROTOTYPES = YES;
				CLANG_WARN_SUSPICIOUS_MOVE = YES;
				CLANG_WARN_UNGUARDED_AVAILABILITY = YES_AGGRESSIVE;
				CLANG_WARN_UNREACHABLE_CODE = YES;
				CLANG_WARN__DUPLICATE_METHOD_MATCH = YES;
				COPY_PHASE_STRIP = NO;
				DEBUG_INFORMATION_FORMAT = "dwarf-with-dsym";
				ENABLE_NS_ASSERTIONS = NO;
				ENABLE_STRICT_OBJC_MSGSEND = YES;
				ENABLE_USER_SCRIPT_SANDBOXING = YES;
				GCC_C_LANGUAGE_STANDARD = gnu17;
				GCC_NO_COMMON_BLOCKS = YES;
				GCC_WARN_64_TO_32_BIT_CONVERSION = YES;
				GCC_WARN_ABOUT_RETURN_TYPE = YES_ERROR;
				GCC_WARN_UNDECLARED_SELECTOR = YES;
				GCC_WARN_UNINITIALIZED_AUTOS = YES_AGGRESSIVE;
				GCC_WARN_UNUSED_FUNCTION = YES;
				GCC_WARN_UNUSED_VARIABLE = YES;
				IPHONEOS_DEPLOYMENT_TARGET = 17.5;
				LOCALIZATION_PREFERS_STRING_CATALOGS = YES;
				MTL_ENABLE_DEBUG_INFO = NO;
				MTL_FAST_MATH = YES;
				SDKROOT = iphoneos;
				SWIFT_COMPILATION_MODE = wholemodule;
				VALIDATE_PRODUCT = YES;
			};
			name = Release;
		};
		0132201A2BFCF9F100F3A2E9 /* Debug */ = {
			isa = XCBuildConfiguration;
			buildSettings = {
				ASSETCATALOG_COMPILER_APPICON_NAME = AppIcon;
				ASSETCATALOG_COMPILER_GLOBAL_ACCENT_COLOR_NAME = AccentColor;
				CODE_SIGN_STYLE = Automatic;
				CURRENT_PROJECT_VERSION = 1;
				DEVELOPMENT_ASSET_PATHS = "\"SwiftUICombineTemplate/Preview Content\"";
				ENABLE_PREVIEWS = YES;
				GENERATE_INFOPLIST_FILE = YES;
				INFOPLIST_KEY_UIApplicationSceneManifest_Generation = YES;
				INFOPLIST_KEY_UIApplicationSupportsIndirectInputEvents = YES;
				INFOPLIST_KEY_UILaunchScreen_Generation = YES;
				INFOPLIST_KEY_UISupportedInterfaceOrientations_iPad = "UIInterfaceOrientationPortrait UIInterfaceOrientationPortraitUpsideDown UIInterfaceOrientationLandscapeLeft UIInterfaceOrientationLandscapeRight";
				INFOPLIST_KEY_UISupportedInterfaceOrientations_iPhone = "UIInterfaceOrientationPortrait UIInterfaceOrientationLandscapeLeft UIInterfaceOrientationLandscapeRight";
				LD_RUNPATH_SEARCH_PATHS = (
					"$(inherited)",
					"@executable_path/Frameworks",
				);
				MARKETING_VERSION = 1.0;
				PRODUCT_BUNDLE_IDENTIFIER = com.SwiftUICombineTemplate;
				PRODUCT_NAME = "$(TARGET_NAME)";
				SWIFT_EMIT_LOC_STRINGS = YES;
				SWIFT_VERSION = 5.0;
				TARGETED_DEVICE_FAMILY = "1,2";
			};
			name = Debug;
		};
		0132201B2BFCF9F100F3A2E9 /* Release */ = {
			isa = XCBuildConfiguration;
			buildSettings = {
				ASSETCATALOG_COMPILER_APPICON_NAME = AppIcon;
				ASSETCATALOG_COMPILER_GLOBAL_ACCENT_COLOR_NAME = AccentColor;
				CODE_SIGN_STYLE = Automatic;
				CURRENT_PROJECT_VERSION = 1;
				DEVELOPMENT_ASSET_PATHS = "\"SwiftUICombineTemplate/Preview Content\"";
				ENABLE_PREVIEWS = YES;
				GENERATE_INFOPLIST_FILE = YES;
				INFOPLIST_KEY_UIApplicationSceneManifest_Generation = YES;
				INFOPLIST_KEY_UIApplicationSupportsIndirectInputEvents = YES;
				INFOPLIST_KEY_UILaunchScreen_Generation = YES;
				INFOPLIST_KEY_UISupportedInterfaceOrientations_iPad = "UIInterfaceOrientationPortrait UIInterfaceOrientationPortraitUpsideDown UIInterfaceOrientationLandscapeLeft UIInterfaceOrientationLandscapeRight";
				INFOPLIST_KEY_UISupportedInterfaceOrientations_iPhone = "UIInterfaceOrientationPortrait UIInterfaceOrientationLandscapeLeft UIInterfaceOrientationLandscapeRight";
				LD_RUNPATH_SEARCH_PATHS = (
					"$(inherited)",
					"@executable_path/Frameworks",
				);
				MARKETING_VERSION = 1.0;
				PRODUCT_BUNDLE_IDENTIFIER = com.SwiftUICombineTemplate;
				PRODUCT_NAME = "$(TARGET_NAME)";
				SWIFT_EMIT_LOC_STRINGS = YES;
				SWIFT_VERSION = 5.0;
				TARGETED_DEVICE_FAMILY = "1,2";
			};
			name = Release;
		};
/* End XCBuildConfiguration section */

/* Begin XCConfigurationList section */
		013220062BFCF9F000F3A2E9 /* Build configuration list for PBXProject "SwiftUICombineTemplate" */ = {
			isa = XCConfigurationList;
			buildConfigurations = (
				013220172BFCF9F100F3A2E9 /* Debug */,
				013220182BFCF9F100F3A2E9 /* Release */,
			);
			defaultConfigurationIsVisible = 0;
			defaultConfigurationName = Release;
		};
		013220192BFCF9F100F3A2E9 /* Build configuration list for PBXNativeTarget "SwiftUICombineTemplate" */ = {
			isa = XCConfigurationList;
			buildConfigurations = (
				0132201A2BFCF9F100F3A2E9 /* Debug */,
				0132201B2BFCF9F100F3A2E9 /* Release */,
			);
			defaultConfigurationIsVisible = 0;
			defaultConfigurationName = Release;
		};
/* End XCConfigurationList section */
	};
	rootObject = 013220032BFCF9F000F3A2E9 /* Project object */;
}
